
Microsoft Visual Studio Solution File, Format Version 12.00
# Visual Studio Version 17
VisualStudioVersion = 17.1.32328.378
MinimumVisualStudioVersion = 10.0.40219.1
Project("{9A19103F-16F7-4668-BE54-9A1E7A4F7556}") = "PlatformService", "PlatformService\PlatformService.csproj", "{AB8DCCA3-9CBD-4B7E-96BC-16284178A10F}"
EndProject
Project("{FAE04EC0-301F-11D3-BF4B-00C04F79EFBC}") = "CommandService", "CommandService\CommandService.csproj", "{E7B89262-34B8-4531-B109-D3050C542E10}"
EndProject
Global
	GlobalSection(SolutionConfigurationPlatforms) = preSolution
		Debug|Any CPU = Debug|Any CPU
		Release|Any CPU = Release|Any CPU
	EndGlobalSection
	GlobalSection(ProjectConfigurationPlatforms) = postSolution
		{AB8DCCA3-9CBD-4B7E-96BC-16284178A10F}.Debug|Any CPU.ActiveCfg = Debug|Any CPU
		{AB8DCCA3-9CBD-4B7E-96BC-16284178A10F}.Debug|Any CPU.Build.0 = Debug|Any CPU
		{AB8DCCA3-9CBD-4B7E-96BC-16284178A10F}.Release|Any CPU.ActiveCfg = Release|Any CPU
		{AB8DCCA3-9CBD-4B7E-96BC-16284178A10F}.Release|Any CPU.Build.0 = Release|Any CPU
		{E7B89262-34B8-4531-B109-D3050C542E10}.Debug|Any CPU.ActiveCfg = Debug|Any CPU
		{E7B89262-34B8-4531-B109-D3050C542E10}.Debug|Any CPU.Build.0 = Debug|Any CPU
		{E7B89262-34B8-4531-B109-D3050C542E10}.Release|Any CPU.ActiveCfg = Release|Any CPU
		{E7B89262-34B8-4531-B109-D3050C542E10}.Release|Any CPU.Build.0 = Release|Any CPU
	EndGlobalSection
	GlobalSection(SolutionProperties) = preSolution
		HideSolutionNode = FALSE
	EndGlobalSection
	GlobalSection(ExtensibilityGlobals) = postSolution
		SolutionGuid = {97FE5545-0791-422A-A371-66BC0E3F4D73}
	EndGlobalSection
EndGlobal
